// !$*UTF8*$!
{
	archiveVersion = 1;
	classes = {
	};
	objectVersion = 46;
	objects = {

/* Begin PBXBuildFile section */
		940CEE0C1EF3C236004C5F2A /* AppDelegate.swift in Sources */ = {isa = PBXBuildFile; fileRef = 940CEE0B1EF3C236004C5F2A /* AppDelegate.swift */; };
		940CEE0E1EF3C236004C5F2A /* ViewController.swift in Sources */ = {isa = PBXBuildFile; fileRef = 940CEE0D1EF3C236004C5F2A /* ViewController.swift */; };
		940CEE111EF3C236004C5F2A /* Main.storyboard in Resources */ = {isa = PBXBuildFile; fileRef = 940CEE0F1EF3C236004C5F2A /* Main.storyboard */; };
		940CEE131EF3C236004C5F2A /* Assets.xcassets in Resources */ = {isa = PBXBuildFile; fileRef = 940CEE121EF3C236004C5F2A /* Assets.xcassets */; };
		940CEE161EF3C236004C5F2A /* LaunchScreen.storyboard in Resources */ = {isa = PBXBuildFile; fileRef = 940CEE141EF3C236004C5F2A /* LaunchScreen.storyboard */; };
		94E959EE1EF412670087B223 /* ActionViewController.swift in Sources */ = {isa = PBXBuildFile; fileRef = 94E959ED1EF412670087B223 /* ActionViewController.swift */; };
		94E959F11EF412670087B223 /* MainInterface.storyboard in Resources */ = {isa = PBXBuildFile; fileRef = 94E959EF1EF412670087B223 /* MainInterface.storyboard */; };
		94E959F51EF412670087B223 /* Extension.appex in Embed App Extensions */ = {isa = PBXBuildFile; fileRef = 94E959EB1EF412670087B223 /* Extension.appex */; settings = {ATTRIBUTES = (RemoveHeadersOnCopy, ); }; };
		94E959FB1EF417430087B223 /* Action.js in Resources */ = {isa = PBXBuildFile; fileRef = 94E959FA1EF417430087B223 /* Action.js */; };
/* End PBXBuildFile section */

/* Begin PBXContainerItemProxy section */
		94E959F31EF412670087B223 /* PBXContainerItemProxy */ = {
			isa = PBXContainerItemProxy;
			containerPortal = 940CEE001EF3C236004C5F2A /* Project object */;
			proxyType = 1;
			remoteGlobalIDString = 94E959EA1EF412670087B223;
			remoteInfo = Extension;
		};
/* End PBXContainerItemProxy section */

/* Begin PBXCopyFilesBuildPhase section */
		94E959F91EF412670087B223 /* Embed App Extensions */ = {
			isa = PBXCopyFilesBuildPhase;
			buildActionMask = 2147483647;
			dstPath = "";
			dstSubfolderSpec = 13;
			files = (
				94E959F51EF412670087B223 /* Extension.appex in Embed App Extensions */,
			);
			name = "Embed App Extensions";
			runOnlyForDeploymentPostprocessing = 0;
		};
/* End PBXCopyFilesBuildPhase section */

/* Begin PBXFileReference section */
		940CEE081EF3C236004C5F2A /* Project16.app */ = {isa = PBXFileReference; explicitFileType = wrapper.application; includeInIndex = 0; path = Project16.app; sourceTree = BUILT_PRODUCTS_DIR; };
		940CEE0B1EF3C236004C5F2A /* AppDelegate.swift */ = {isa = PBXFileReference; lastKnownFileType = sourcecode.swift; path = AppDelegate.swift; sourceTree = "<group>"; };
		940CEE0D1EF3C236004C5F2A /* ViewController.swift */ = {isa = PBXFileReference; lastKnownFileType = sourcecode.swift; path = ViewController.swift; sourceTree = "<group>"; };
		940CEE101EF3C236004C5F2A /* Base */ = {isa = PBXFileReference; lastKnownFileType = file.storyboard; name = Base; path = Base.lproj/Main.storyboard; sourceTree = "<group>"; };
		940CEE121EF3C236004C5F2A /* Assets.xcassets */ = {isa = PBXFileReference; lastKnownFileType = folder.assetcatalog; path = Assets.xcassets; sourceTree = "<group>"; };
		940CEE151EF3C236004C5F2A /* Base */ = {isa = PBXFileReference; lastKnownFileType = file.storyboard; name = Base; path = Base.lproj/LaunchScreen.storyboard; sourceTree = "<group>"; };
		940CEE171EF3C236004C5F2A /* Info.plist */ = {isa = PBXFileReference; lastKnownFileType = text.plist.xml; path = Info.plist; sourceTree = "<group>"; };
		94E959EB1EF412670087B223 /* Extension.appex */ = {isa = PBXFileReference; explicitFileType = "wrapper.app-extension"; includeInIndex = 0; path = Extension.appex; sourceTree = BUILT_PRODUCTS_DIR; };
		94E959ED1EF412670087B223 /* ActionViewController.swift */ = {isa = PBXFileReference; lastKnownFileType = sourcecode.swift; path = ActionViewController.swift; sourceTree = "<group>"; };
		94E959F01EF412670087B223 /* Base */ = {isa = PBXFileReference; lastKnownFileType = file.storyboard; name = Base; path = Base.lproj/MainInterface.storyboard; sourceTree = "<group>"; };
		94E959F21EF412670087B223 /* Info.plist */ = {isa = PBXFileReference; lastKnownFileType = text.plist.xml; path = Info.plist; sourceTree = "<group>"; };
		94E959FA1EF417430087B223 /* Action.js */ = {isa = PBXFileReference; fileEncoding = 4; lastKnownFileType = sourcecode.javascript; path = Action.js; sourceTree = "<group>"; };
/* End PBXFileReference section */

/* Begin PBXFrameworksBuildPhase section */
		940CEE051EF3C236004C5F2A /* Frameworks */ = {
			isa = PBXFrameworksBuildPhase;
			buildActionMask = 2147483647;
			files = (
			);
			runOnlyForDeploymentPostprocessing = 0;
		};
		94E959E81EF412670087B223 /* Frameworks */ = {
			isa = PBXFrameworksBuildPhase;
			buildActionMask = 2147483647;
			files = (
			);
			runOnlyForDeploymentPostprocessing = 0;
		};
/* End PBXFrameworksBuildPhase section */

/* Begin PBXGroup section */
		940CEDFF1EF3C236004C5F2A = {
			isa = PBXGroup;
			children = (
				940CEE0A1EF3C236004C5F2A /* Project16 */,
				94E959EC1EF412670087B223 /* Extension */,
				940CEE091EF3C236004C5F2A /* Products */,
			);
			sourceTree = "<group>";
		};
		940CEE091EF3C236004C5F2A /* Products */ = {
			isa = PBXGroup;
			children = (
				940CEE081EF3C236004C5F2A /* Project16.app */,
				94E959EB1EF412670087B223 /* Extension.appex */,
			);
			name = Products;
			sourceTree = "<group>";
		};
		940CEE0A1EF3C236004C5F2A /* Project16 */ = {
			isa = PBXGroup;
			children = (
				940CEE0B1EF3C236004C5F2A /* AppDelegate.swift */,
				940CEE0D1EF3C236004C5F2A /* ViewController.swift */,
				940CEE0F1EF3C236004C5F2A /* Main.storyboard */,
				940CEE121EF3C236004C5F2A /* Assets.xcassets */,
				940CEE141EF3C236004C5F2A /* LaunchScreen.storyboard */,
				940CEE171EF3C236004C5F2A /* Info.plist */,
			);
			path = Project16;
			sourceTree = "<group>";
		};
		94E959EC1EF412670087B223 /* Extension */ = {
			isa = PBXGroup;
			children = (
				94E959ED1EF412670087B223 /* ActionViewController.swift */,
				94E959EF1EF412670087B223 /* MainInterface.storyboard */,
				94E959F21EF412670087B223 /* Info.plist */,
				94E959FA1EF417430087B223 /* Action.js */,
			);
			path = Extension;
			sourceTree = "<group>";
		};
/* End PBXGroup section */

/* Begin PBXNativeTarget section */
		940CEE071EF3C236004C5F2A /* Project16 */ = {
			isa = PBXNativeTarget;
			buildConfigurationList = 940CEE1A1EF3C236004C5F2A /* Build configuration list for PBXNativeTarget "Project16" */;
			buildPhases = (
				940CEE041EF3C236004C5F2A /* Sources */,
				940CEE051EF3C236004C5F2A /* Frameworks */,
				940CEE061EF3C236004C5F2A /* Resources */,
				94E959F91EF412670087B223 /* Embed App Extensions */,
			);
			buildRules = (
			);
			dependencies = (
				94E959F41EF412670087B223 /* PBXTargetDependency */,
			);
			name = Project16;
			productName = Project16;
			productReference = 940CEE081EF3C236004C5F2A /* Project16.app */;
			productType = "com.apple.product-type.application";
		};
		94E959EA1EF412670087B223 /* Extension */ = {
			isa = PBXNativeTarget;
			buildConfigurationList = 94E959F81EF412670087B223 /* Build configuration list for PBXNativeTarget "Extension" */;
			buildPhases = (
				94E959E71EF412670087B223 /* Sources */,
				94E959E81EF412670087B223 /* Frameworks */,
				94E959E91EF412670087B223 /* Resources */,
			);
			buildRules = (
			);
			dependencies = (
			);
			name = Extension;
			productName = Extension;
			productReference = 94E959EB1EF412670087B223 /* Extension.appex */;
			productType = "com.apple.product-type.app-extension";
		};
/* End PBXNativeTarget section */

/* Begin PBXProject section */
		940CEE001EF3C236004C5F2A /* Project object */ = {
			isa = PBXProject;
			attributes = {
				LastSwiftUpdateCheck = 0830;
				LastUpgradeCheck = 0830;
				ORGANIZATIONNAME = "James Slusser";
				TargetAttributes = {
					940CEE071EF3C236004C5F2A = {
						CreatedOnToolsVersion = 8.3.3;
						DevelopmentTeam = K373EY5YU9;
						ProvisioningStyle = Automatic;
					};
					94E959EA1EF412670087B223 = {
						CreatedOnToolsVersion = 8.3.3;
						DevelopmentTeam = K373EY5YU9;
						ProvisioningStyle = Automatic;
					};
				};
			};
			buildConfigurationList = 940CEE031EF3C236004C5F2A /* Build configuration list for PBXProject "Project16" */;
			compatibilityVersion = "Xcode 3.2";
			developmentRegion = English;
			hasScannedForEncodings = 0;
			knownRegions = (
				en,
				Base,
			);
			mainGroup = 940CEDFF1EF3C236004C5F2A;
			productRefGroup = 940CEE091EF3C236004C5F2A /* Products */;
			projectDirPath = "";
			projectRoot = "";
			targets = (
				940CEE071EF3C236004C5F2A /* Project16 */,
				94E959EA1EF412670087B223 /* Extension */,
			);
		};
/* End PBXProject section */

/* Begin PBXResourcesBuildPhase section */
		940CEE061EF3C236004C5F2A /* Resources */ = {
			isa = PBXResourcesBuildPhase;
			buildActionMask = 2147483647;
			files = (
				940CEE161EF3C236004C5F2A /* LaunchScreen.storyboard in Resources */,
				940CEE131EF3C236004C5F2A /* Assets.xcassets in Resources */,
				940CEE111EF3C236004C5F2A /* Main.storyboard in Resources */,
			);
			runOnlyForDeploymentPostprocessing = 0;
		};
		94E959E91EF412670087B223 /* Resources */ = {
			isa = PBXResourcesBuildPhase;
			buildActionMask = 2147483647;
			files = (
				94E959FB1EF417430087B223 /* Action.js in Resources */,
				94E959F11EF412670087B223 /* MainInterface.storyboard in Resources */,
			);
			runOnlyForDeploymentPostprocessing = 0;
		};
/* End PBXResourcesBuildPhase section */

/* Begin PBXSourcesBuildPhase section */
		940CEE041EF3C236004C5F2A /* Sources */ = {
			isa = PBXSourcesBuildPhase;
			buildActionMask = 2147483647;
			files = (
				940CEE0E1EF3C236004C5F2A /* ViewController.swift in Sources */,
				940CEE0C1EF3C236004C5F2A /* AppDelegate.swift in Sources */,
			);
			runOnlyForDeploymentPostprocessing = 0;
		};
		94E959E71EF412670087B223 /* Sources */ = {
			isa = PBXSourcesBuildPhase;
			buildActionMask = 2147483647;
			files = (
				94E959EE1EF412670087B223 /* ActionViewController.swift in Sources */,
			);
			runOnlyForDeploymentPostprocessing = 0;
		};
/* End PBXSourcesBuildPhase section */

/* Begin PBXTargetDependency section */
		94E959F41EF412670087B223 /* PBXTargetDependency */ = {
			isa = PBXTargetDependency;
			target = 94E959EA1EF412670087B223 /* Extension */;
			targetProxy = 94E959F31EF412670087B223 /* PBXContainerItemProxy */;
		};
/* End PBXTargetDependency section */

/* Begin PBXVariantGroup section */
		940CEE0F1EF3C236004C5F2A /* Main.storyboard */ = {
			isa = PBXVariantGroup;
			children = (
				940CEE101EF3C236004C5F2A /* Base */,
			);
			name = Main.storyboard;
			sourceTree = "<group>";
		};
		940CEE141EF3C236004C5F2A /* LaunchScreen.storyboard */ = {
			isa = PBXVariantGroup;
			children = (
				940CEE151EF3C236004C5F2A /* Base */,
			);
			name = LaunchScreen.storyboard;
			sourceTree = "<group>";
		};
		94E959EF1EF412670087B223 /* MainInterface.storyboard */ = {
			isa = PBXVariantGroup;
			children = (
				94E959F01EF412670087B223 /* Base */,
			);
			name = MainInterface.storyboard;
			sourceTree = "<group>";
		};
/* End PBXVariantGroup section */

/* Begin XCBuildConfiguration section */
		940CEE181EF3C236004C5F2A /* Debug */ = {
			isa = XCBuildConfiguration;
			buildSettings = {
				ALWAYS_SEARCH_USER_PATHS = NO;
				CLANG_ANALYZER_NONNULL = YES;
				CLANG_ANALYZER_NUMBER_OBJECT_CONVERSION = YES_AGGRESSIVE;
				CLANG_CXX_LANGUAGE_STANDARD = "gnu++0x";
				CLANG_CXX_LIBRARY = "libc++";
				CLANG_ENABLE_MODULES = YES;
				CLANG_ENABLE_OBJC_ARC = YES;
				CLANG_WARN_BOOL_CONVERSION = YES;
				CLANG_WARN_CONSTANT_CONVERSION = YES;
				CLANG_WARN_DIRECT_OBJC_ISA_USAGE = YES_ERROR;
				CLANG_WARN_DOCUMENTATION_COMMENTS = YES;
				CLANG_WARN_EMPTY_BODY = YES;
				CLANG_WARN_ENUM_CONVERSION = YES;
				CLANG_WARN_INFINITE_RECURSION = YES;
				CLANG_WARN_INT_CONVERSION = YES;
				CLANG_WARN_OBJC_ROOT_CLASS = YES_ERROR;
				CLANG_WARN_SUSPICIOUS_MOVE = YES;
				CLANG_WARN_UNREACHABLE_CODE = YES;
				CLANG_WARN__DUPLICATE_METHOD_MATCH = YES;
				"CODE_SIGN_IDENTITY[sdk=iphoneos*]" = "iPhone Developer";
				COPY_PHASE_STRIP = NO;
				DEBUG_INFORMATION_FORMAT = dwarf;
				ENABLE_STRICT_OBJC_MSGSEND = YES;
				ENABLE_TESTABILITY = YES;
				GCC_C_LANGUAGE_STANDARD = gnu99;
				GCC_DYNAMIC_NO_PIC = NO;
				GCC_NO_COMMON_BLOCKS = YES;
				GCC_OPTIMIZATION_LEVEL = 0;
				GCC_PREPROCESSOR_DEFINITIONS = (
					"DEBUG=1",
					"$(inherited)",
				);
				GCC_WARN_64_TO_32_BIT_CONVERSION = YES;
				GCC_WARN_ABOUT_RETURN_TYPE = YES_ERROR;
				GCC_WARN_UNDECLARED_SELECTOR = YES;
				GCC_WARN_UNINITIALIZED_AUTOS = YES_AGGRESSIVE;
				GCC_WARN_UNUSED_FUNCTION = YES;
				GCC_WARN_UNUSED_VARIABLE = YES;
				IPHONEOS_DEPLOYMENT_TARGET = 10.3;
				MTL_ENABLE_DEBUG_INFO = YES;
				ONLY_ACTIVE_ARCH = YES;
				SDKROOT = iphoneos;
				SWIFT_ACTIVE_COMPILATION_CONDITIONS = DEBUG;
				SWIFT_OPTIMIZATION_LEVEL = "-Onone";
			};
			name = Debug;
		};
		940CEE191EF3C236004C5F2A /* Release */ = {
			isa = XCBuildConfiguration;
			buildSettings = {
				ALWAYS_SEARCH_USER_PATHS = NO;
				CLANG_ANALYZER_NONNULL = YES;
				CLANG_ANALYZER_NUMBER_OBJECT_CONVERSION = YES_AGGRESSIVE;
				CLANG_CXX_LANGUAGE_STANDARD = "gnu++0x";
				CLANG_CXX_LIBRARY = "libc++";
				CLANG_ENABLE_MODULES = YES;
				CLANG_ENABLE_OBJC_ARC = YES;
				CLANG_WARN_BOOL_CONVERSION = YES;
				CLANG_WARN_CONSTANT_CONVERSION = YES;
				CLANG_WARN_DIRECT_OBJC_ISA_USAGE = YES_ERROR;
				CLANG_WARN_DOCUMENTATION_COMMENTS = YES;
				CLANG_WARN_EMPTY_BODY = YES;
				CLANG_WARN_ENUM_CONVERSION = YES;
				CLANG_WARN_INFINITE_RECURSION = YES;
				CLANG_WARN_INT_CONVERSION = YES;
				CLANG_WARN_OBJC_ROOT_CLASS = YES_ERROR;
				CLANG_WARN_SUSPICIOUS_MOVE = YES;
				CLANG_WARN_UNREACHABLE_CODE = YES;
				CLANG_WARN__DUPLICATE_METHOD_MATCH = YES;
				"CODE_SIGN_IDENTITY[sdk=iphoneos*]" = "iPhone Developer";
				COPY_PHASE_STRIP = NO;
				DEBUG_INFORMATION_FORMAT = "dwarf-with-dsym";
				ENABLE_NS_ASSERTIONS = NO;
				ENABLE_STRICT_OBJC_MSGSEND = YES;
				GCC_C_LANGUAGE_STANDARD = gnu99;
				GCC_NO_COMMON_BLOCKS = YES;
				GCC_WARN_64_TO_32_BIT_CONVERSION = YES;
				GCC_WARN_ABOUT_RETURN_TYPE = YES_ERROR;
				GCC_WARN_UNDECLARED_SELECTOR = YES;
				GCC_WARN_UNINITIALIZED_AUTOS = YES_AGGRESSIVE;
				GCC_WARN_UNUSED_FUNCTION = YES;
				GCC_WARN_UNUSED_VARIABLE = YES;
				IPHONEOS_DEPLOYMENT_TARGET = 10.3;
				MTL_ENABLE_DEBUG_INFO = NO;
				SDKROOT = iphoneos;
				SWIFT_OPTIMIZATION_LEVEL = "-Owholemodule";
				VALIDATE_PRODUCT = YES;
			};
			name = Release;
		};
		940CEE1B1EF3C236004C5F2A /* Debug */ = {
			isa = XCBuildConfiguration;
			buildSettings = {
				ALWAYS_EMBED_SWIFT_STANDARD_LIBRARIES = YES;
				ASSETCATALOG_COMPILER_APPICON_NAME = AppIcon;
				DEVELOPMENT_TEAM = K373EY5YU9;
				INFOPLIST_FILE = Project16/Info.plist;
				LD_RUNPATH_SEARCH_PATHS = "$(inherited) @executable_path/Frameworks";
				PRODUCT_BUNDLE_IDENTIFIER = co.kurkuma.Project16;
				PRODUCT_NAME = "$(TARGET_NAME)";
				SWIFT_VERSION = 3.0;
			};
			name = Debug;
		};
		940CEE1C1EF3C236004C5F2A /* Release */ = {
			isa = XCBuildConfiguration;
			buildSettings = {
				ALWAYS_EMBED_SWIFT_STANDARD_LIBRARIES = YES;
				ASSETCATALOG_COMPILER_APPICON_NAME = AppIcon;
				DEVELOPMENT_TEAM = K373EY5YU9;
				INFOPLIST_FILE = Project16/Info.plist;
				LD_RUNPATH_SEARCH_PATHS = "$(inherited) @executable_path/Frameworks";
				PRODUCT_BUNDLE_IDENTIFIER = co.kurkuma.Project16;
				PRODUCT_NAME = "$(TARGET_NAME)";
				SWIFT_VERSION = 3.0;
			};
			name = Release;
		};
		94E959F61EF412670087B223 /* Debug */ = {
			isa = XCBuildConfiguration;
			buildSettings = {
				DEVELOPMENT_TEAM = K373EY5YU9;
				INFOPLIST_FILE = Extension/Info.plist;
				LD_RUNPATH_SEARCH_PATHS = "$(inherited) @executable_path/Frameworks @executable_path/../../Frameworks";
				PRODUCT_BUNDLE_IDENTIFIER = co.kurkuma.Project16.Extension;
				PRODUCT_NAME = "$(TARGET_NAME)";
				SKIP_INSTALL = YES;
				SWIFT_VERSION = 3.0;
			};
			name = Debug;
		};
		94E959F71EF412670087B223 /* Release */ = {
			isa = XCBuildConfiguration;
			buildSettings = {
				DEVELOPMENT_TEAM = K373EY5YU9;
				INFOPLIST_FILE = Extension/Info.plist;
				LD_RUNPATH_SEARCH_PATHS = "$(inherited) @executable_path/Frameworks @executable_path/../../Frameworks";
				PRODUCT_BUNDLE_IDENTIFIER = co.kurkuma.Project16.Extension;
				PRODUCT_NAME = "$(TARGET_NAME)";
				SKIP_INSTALL = YES;
				SWIFT_VERSION = 3.0;
			};
			name = Release;
		};
/* End XCBuildConfiguration section */

/* Begin XCConfigurationList section */
		940CEE031EF3C236004C5F2A /* Build configuration list for PBXProject "Project16" */ = {
			isa = XCConfigurationList;
			buildConfigurations = (
				940CEE181EF3C236004C5F2A /* Debug */,
				940CEE191EF3C236004C5F2A /* Release */,
			);
			defaultConfigurationIsVisible = 0;
			defaultConfigurationName = Release;
		};
		940CEE1A1EF3C236004C5F2A /* Build configuration list for PBXNativeTarget "Project16" */ = {
			isa = XCConfigurationList;
			buildConfigurations = (
				940CEE1B1EF3C236004C5F2A /* Debug */,
				940CEE1C1EF3C236004C5F2A /* Release */,
			);
			defaultConfigurationIsVisible = 0;
			defaultConfigurationName = Release;
		};
		94E959F81EF412670087B223 /* Build configuration list for PBXNativeTarget "Extension" */ = {
			isa = XCConfigurationList;
			buildConfigurations = (
				94E959F61EF412670087B223 /* Debug */,
				94E959F71EF412670087B223 /* Release */,
			);
			defaultConfigurationIsVisible = 0;
		};
/* End XCConfigurationList section */
	};
	rootObject = 940CEE001EF3C236004C5F2A /* Project object */;
}
